
Microsoft Visual Studio Solution File, Format Version 12.00
# Visual Studio Version 17
VisualStudioVersion = 17.14.36915.13 d17.14
MinimumVisualStudioVersion = 10.0.40219.1
Project("{FAE04EC0-301F-11D3-BF4B-00C04F79EFBC}") = "NZWalks.API", "NGWalks.API\NZWalks.API.csproj", "{B8A23EB0-8F36-470E-B4B8-85AB49948F1F}"
EndProject
Global
	GlobalSection(SolutionConfigurationPlatforms) = preSolution
		Debug|Any CPU = Debug|Any CPU
		Release|Any CPU = Release|Any CPU
	EndGlobalSection
	GlobalSection(ProjectConfigurationPlatforms) = postSolution
		{B8A23EB0-8F36-470E-B4B8-85AB49948F1F}.Debug|Any CPU.ActiveCfg = Debug|Any CPU
		{B8A23EB0-8F36-470E-B4B8-85AB49948F1F}.Debug|Any CPU.Build.0 = Debug|Any CPU
		{B8A23EB0-8F36-470E-B4B8-85AB49948F1F}.Release|Any CPU.ActiveCfg = Release|Any CPU
		{B8A23EB0-8F36-470E-B4B8-85AB49948F1F}.Release|Any CPU.Build.0 = Release|Any CPU
	EndGlobalSection
	GlobalSection(SolutionProperties) = preSolution
		HideSolutionNode = FALSE
	EndGlobalSection
	GlobalSection(ExtensibilityGlobals) = postSolution
		SolutionGuid = {4833FEB4-9B00-4F5B-8423-3362E94CD93B}
	EndGlobalSection
EndGlobal
